
Microsoft Visual Studio Solution File, Format Version 12.00
# Visual Studio Version 17
VisualStudioVersion = 17.0.31903.59
MinimumVisualStudioVersion = 10.0.40219.1
Project("{2150E333-8FDC-42A3-9474-1A3956D46DE8}") = "src", "src", "{827E0CD3-B72D-47B6-A68D-7590B98EB39B}"
EndProject
Project("{FAE04EC0-301F-11D3-BF4B-00C04F79EFBC}") = "MetaMeta.Core", "src\MetaMeta.Core\MetaMeta.Core.csproj", "{3E79C43B-690A-4BCA-A45C-C4979A3147E4}"
EndProject
Project("{FAE04EC0-301F-11D3-BF4B-00C04F79EFBC}") = "MetaMeta.Orchestration", "src\MetaMeta.Orchestration\MetaMeta.Orchestration.csproj", "{7B021339-EDDC-418B-861B-6D065FAFDECE}"
EndProject
Project("{FAE04EC0-301F-11D3-BF4B-00C04F79EFBC}") = "MetaMeta.Console", "src\MetaMeta.Console\MetaMeta.Console.csproj", "{66B3D387-E34C-495B-B87F-B13BCF6E96E4}"
EndProject
Project("{FAE04EC0-301F-11D3-BF4B-00C04F79EFBC}") = "MetaMeta.ApiService", "src\MetaMeta.ApiService\MetaMeta.ApiService.csproj", "{C1C28452-A5B5-4785-9E08-5BAA1B03B868}"
EndProject
Project("{FAE04EC0-301F-11D3-BF4B-00C04F79EFBC}") = "MetaMeta.GrpcService", "src\MetaMeta.GrpcService\MetaMeta.GrpcService.csproj", "{1F15370F-E6B6-4297-A024-659D4042FD84}"
EndProject
Project("{FAE04EC0-301F-11D3-BF4B-00C04F79EFBC}") = "MetaMeta.AppHost", "src\MetaMeta.AppHost\MetaMeta.AppHost.csproj", "{FF9FFEC8-4A03-42FF-B86D-B217F0931F78}"
EndProject
Project("{FAE04EC0-301F-11D3-BF4B-00C04F79EFBC}") = "MetaMeta.ServiceDefaults", "src\MetaMeta.ServiceDefaults\MetaMeta.ServiceDefaults.csproj", "{53756D66-C56F-45B6-9384-69BDE6421A01}"
EndProject
Project("{FAE04EC0-301F-11D3-BF4B-00C04F79EFBC}") = "MetaMeta.Web", "src\MetaMeta.Web\MetaMeta.Web.csproj", "{21088B15-96E7-40A2-B130-5C080E80994B}"
EndProject
Project("{FAE04EC0-301F-11D3-BF4B-00C04F79EFBC}") = "MetaMeta.Configs", "src\MetaMeta.Configs\MetaMeta.Configs.csproj", "{7F4CB280-8091-4EE2-A05F-6EB02B4F8F1C}"
EndProject
Project("{FAE04EC0-301F-11D3-BF4B-00C04F79EFBC}") = "MetaMeta.Plugins", "src\MetaMeta.Plugins\MetaMeta.Plugins.csproj", "{D89D93F8-AB18-4C26-B35D-8BBDEDE5EBF2}"
EndProject
Project("{FAE04EC0-301F-11D3-BF4B-00C04F79EFBC}") = "MetaMeta.AgentHost", "src\MetaMeta.AgentHost\MetaMeta.AgentHost.csproj", "{84B03B06-1C77-496C-BA42-D5B4EEC6B947}"
EndProject
Project("{FAE04EC0-301F-11D3-BF4B-00C04F79EFBC}") = "MetaMeta.Infrastructure", "src\MetaMeta.Infrastructure\MetaMeta.Infrastructure.csproj", "{8B7FE66B-2AB1-425F-9E9D-C9BE4176989B}"
EndProject
Project("{2150E333-8FDC-42A3-9474-1A3956D46DE8}") = "tests", "tests", "{0AB3BF05-4346-4AA6-1389-037BE0695223}"
EndProject
Project("{FAE04EC0-301F-11D3-BF4B-00C04F79EFBC}") = "MetaMeta.Core.Tests", "tests\MetaMeta.Core.Tests\MetaMeta.Core.Tests.csproj", "{62B3D4E4-DB3D-440D-8100-88351EEA18FC}"
EndProject
Global
	GlobalSection(SolutionConfigurationPlatforms) = preSolution
		Debug|Any CPU = Debug|Any CPU
		Debug|x64 = Debug|x64
		Debug|x86 = Debug|x86
		Release|Any CPU = Release|Any CPU
		Release|x64 = Release|x64
		Release|x86 = Release|x86
	EndGlobalSection
	GlobalSection(ProjectConfigurationPlatforms) = postSolution
		{3E79C43B-690A-4BCA-A45C-C4979A3147E4}.Debug|Any CPU.ActiveCfg = Debug|Any CPU
		{3E79C43B-690A-4BCA-A45C-C4979A3147E4}.Debug|Any CPU.Build.0 = Debug|Any CPU
		{3E79C43B-690A-4BCA-A45C-C4979A3147E4}.Debug|x64.ActiveCfg = Debug|Any CPU
		{3E79C43B-690A-4BCA-A45C-C4979A3147E4}.Debug|x64.Build.0 = Debug|Any CPU
		{3E79C43B-690A-4BCA-A45C-C4979A3147E4}.Debug|x86.ActiveCfg = Debug|Any CPU
		{3E79C43B-690A-4BCA-A45C-C4979A3147E4}.Debug|x86.Build.0 = Debug|Any CPU
		{3E79C43B-690A-4BCA-A45C-C4979A3147E4}.Release|Any CPU.ActiveCfg = Release|Any CPU
		{3E79C43B-690A-4BCA-A45C-C4979A3147E4}.Release|Any CPU.Build.0 = Release|Any CPU
		{3E79C43B-690A-4BCA-A45C-C4979A3147E4}.Release|x64.ActiveCfg = Release|Any CPU
		{3E79C43B-690A-4BCA-A45C-C4979A3147E4}.Release|x64.Build.0 = Release|Any CPU
		{3E79C43B-690A-4BCA-A45C-C4979A3147E4}.Release|x86.ActiveCfg = Release|Any CPU
		{3E79C43B-690A-4BCA-A45C-C4979A3147E4}.Release|x86.Build.0 = Release|Any CPU
		{7B021339-EDDC-418B-861B-6D065FAFDECE}.Debug|Any CPU.ActiveCfg = Debug|Any CPU
		{7B021339-EDDC-418B-861B-6D065FAFDECE}.Debug|Any CPU.Build.0 = Debug|Any CPU
		{7B021339-EDDC-418B-861B-6D065FAFDECE}.Debug|x64.ActiveCfg = Debug|Any CPU
		{7B021339-EDDC-418B-861B-6D065FAFDECE}.Debug|x64.Build.0 = Debug|Any CPU
		{7B021339-EDDC-418B-861B-6D065FAFDECE}.Debug|x86.ActiveCfg = Debug|Any CPU
		{7B021339-EDDC-418B-861B-6D065FAFDECE}.Debug|x86.Build.0 = Debug|Any CPU
		{7B021339-EDDC-418B-861B-6D065FAFDECE}.Release|Any CPU.ActiveCfg = Release|Any CPU
		{7B021339-EDDC-418B-861B-6D065FAFDECE}.Release|Any CPU.Build.0 = Release|Any CPU
		{7B021339-EDDC-418B-861B-6D065FAFDECE}.Release|x64.ActiveCfg = Release|Any CPU
		{7B021339-EDDC-418B-861B-6D065FAFDECE}.Release|x64.Build.0 = Release|Any CPU
		{7B021339-EDDC-418B-861B-6D065FAFDECE}.Release|x86.ActiveCfg = Release|Any CPU
		{7B021339-EDDC-418B-861B-6D065FAFDECE}.Release|x86.Build.0 = Release|Any CPU
		{66B3D387-E34C-495B-B87F-B13BCF6E96E4}.Debug|Any CPU.ActiveCfg = Debug|Any CPU
		{66B3D387-E34C-495B-B87F-B13BCF6E96E4}.Debug|Any CPU.Build.0 = Debug|Any CPU
		{66B3D387-E34C-495B-B87F-B13BCF6E96E4}.Debug|x64.ActiveCfg = Debug|Any CPU
		{66B3D387-E34C-495B-B87F-B13BCF6E96E4}.Debug|x64.Build.0 = Debug|Any CPU
		{66B3D387-E34C-495B-B87F-B13BCF6E96E4}.Debug|x86.ActiveCfg = Debug|Any CPU
		{66B3D387-E34C-495B-B87F-B13BCF6E96E4}.Debug|x86.Build.0 = Debug|Any CPU
		{66B3D387-E34C-495B-B87F-B13BCF6E96E4}.Release|Any CPU.ActiveCfg = Release|Any CPU
		{66B3D387-E34C-495B-B87F-B13BCF6E96E4}.Release|Any CPU.Build.0 = Release|Any CPU
		{66B3D387-E34C-495B-B87F-B13BCF6E96E4}.Release|x64.ActiveCfg = Release|Any CPU
		{66B3D387-E34C-495B-B87F-B13BCF6E96E4}.Release|x64.Build.0 = Release|Any CPU
		{66B3D387-E34C-495B-B87F-B13BCF6E96E4}.Release|x86.ActiveCfg = Release|Any CPU
		{66B3D387-E34C-495B-B87F-B13BCF6E96E4}.Release|x86.Build.0 = Release|Any CPU
		{C1C28452-A5B5-4785-9E08-5BAA1B03B868}.Debug|Any CPU.ActiveCfg = Debug|Any CPU
		{C1C28452-A5B5-4785-9E08-5BAA1B03B868}.Debug|Any CPU.Build.0 = Debug|Any CPU
		{C1C28452-A5B5-4785-9E08-5BAA1B03B868}.Debug|x64.ActiveCfg = Debug|Any CPU
		{C1C28452-A5B5-4785-9E08-5BAA1B03B868}.Debug|x64.Build.0 = Debug|Any CPU
		{C1C28452-A5B5-4785-9E08-5BAA1B03B868}.Debug|x86.ActiveCfg = Debug|Any CPU
		{C1C28452-A5B5-4785-9E08-5BAA1B03B868}.Debug|x86.Build.0 = Debug|Any CPU
		{C1C28452-A5B5-4785-9E08-5BAA1B03B868}.Release|Any CPU.ActiveCfg = Release|Any CPU
		{C1C28452-A5B5-4785-9E08-5BAA1B03B868}.Release|Any CPU.Build.0 = Release|Any CPU
		{C1C28452-A5B5-4785-9E08-5BAA1B03B868}.Release|x64.ActiveCfg = Release|Any CPU
		{C1C28452-A5B5-4785-9E08-5BAA1B03B868}.Release|x64.Build.0 = Release|Any CPU
		{C1C28452-A5B5-4785-9E08-5BAA1B03B868}.Release|x86.ActiveCfg = Release|Any CPU
		{C1C28452-A5B5-4785-9E08-5BAA1B03B868}.Release|x86.Build.0 = Release|Any CPU
		{1F15370F-E6B6-4297-A024-659D4042FD84}.Debug|Any CPU.ActiveCfg = Debug|Any CPU
		{1F15370F-E6B6-4297-A024-659D4042FD84}.Debug|Any CPU.Build.0 = Debug|Any CPU
		{1F15370F-E6B6-4297-A024-659D4042FD84}.Debug|x64.ActiveCfg = Debug|Any CPU
		{1F15370F-E6B6-4297-A024-659D4042FD84}.Debug|x64.Build.0 = Debug|Any CPU
		{1F15370F-E6B6-4297-A024-659D4042FD84}.Debug|x86.ActiveCfg = Debug|Any CPU
		{1F15370F-E6B6-4297-A024-659D4042FD84}.Debug|x86.Build.0 = Debug|Any CPU
		{1F15370F-E6B6-4297-A024-659D4042FD84}.Release|Any CPU.ActiveCfg = Release|Any CPU
		{1F15370F-E6B6-4297-A024-659D4042FD84}.Release|Any CPU.Build.0 = Release|Any CPU
		{1F15370F-E6B6-4297-A024-659D4042FD84}.Release|x64.ActiveCfg = Release|Any CPU
		{1F15370F-E6B6-4297-A024-659D4042FD84}.Release|x64.Build.0 = Release|Any CPU
		{1F15370F-E6B6-4297-A024-659D4042FD84}.Release|x86.ActiveCfg = Release|Any CPU
		{1F15370F-E6B6-4297-A024-659D4042FD84}.Release|x86.Build.0 = Release|Any CPU
		{FF9FFEC8-4A03-42FF-B86D-B217F0931F78}.Debug|Any CPU.ActiveCfg = Debug|Any CPU
		{FF9FFEC8-4A03-42FF-B86D-B217F0931F78}.Debug|Any CPU.Build.0 = Debug|Any CPU
		{FF9FFEC8-4A03-42FF-B86D-B217F0931F78}.Debug|x64.ActiveCfg = Debug|Any CPU
		{FF9FFEC8-4A03-42FF-B86D-B217F0931F78}.Debug|x64.Build.0 = Debug|Any CPU
		{FF9FFEC8-4A03-42FF-B86D-B217F0931F78}.Debug|x86.ActiveCfg = Debug|Any CPU
		{FF9FFEC8-4A03-42FF-B86D-B217F0931F78}.Debug|x86.Build.0 = Debug|Any CPU
		{FF9FFEC8-4A03-42FF-B86D-B217F0931F78}.Release|Any CPU.ActiveCfg = Release|Any CPU
		{FF9FFEC8-4A03-42FF-B86D-B217F0931F78}.Release|Any CPU.Build.0 = Release|Any CPU
		{FF9FFEC8-4A03-42FF-B86D-B217F0931F78}.Release|x64.ActiveCfg = Release|Any CPU
		{FF9FFEC8-4A03-42FF-B86D-B217F0931F78}.Release|x64.Build.0 = Release|Any CPU
		{FF9FFEC8-4A03-42FF-B86D-B217F0931F78}.Release|x86.ActiveCfg = Release|Any CPU
		{FF9FFEC8-4A03-42FF-B86D-B217F0931F78}.Release|x86.Build.0 = Release|Any CPU
		{53756D66-C56F-45B6-9384-69BDE6421A01}.Debug|Any CPU.ActiveCfg = Debug|Any CPU
		{53756D66-C56F-45B6-9384-69BDE6421A01}.Debug|Any CPU.Build.0 = Debug|Any CPU
		{53756D66-C56F-45B6-9384-69BDE6421A01}.Debug|x64.ActiveCfg = Debug|Any CPU
		{53756D66-C56F-45B6-9384-69BDE6421A01}.Debug|x64.Build.0 = Debug|Any CPU
		{53756D66-C56F-45B6-9384-69BDE6421A01}.Debug|x86.ActiveCfg = Debug|Any CPU
		{53756D66-C56F-45B6-9384-69BDE6421A01}.Debug|x86.Build.0 = Debug|Any CPU
		{53756D66-C56F-45B6-9384-69BDE6421A01}.Release|Any CPU.ActiveCfg = Release|Any CPU
		{53756D66-C56F-45B6-9384-69BDE6421A01}.Release|Any CPU.Build.0 = Release|Any CPU
		{53756D66-C56F-45B6-9384-69BDE6421A01}.Release|x64.ActiveCfg = Release|Any CPU
		{53756D66-C56F-45B6-9384-69BDE6421A01}.Release|x64.Build.0 = Release|Any CPU
		{53756D66-C56F-45B6-9384-69BDE6421A01}.Release|x86.ActiveCfg = Release|Any CPU
		{53756D66-C56F-45B6-9384-69BDE6421A01}.Release|x86.Build.0 = Release|Any CPU
		{21088B15-96E7-40A2-B130-5C080E80994B}.Debug|Any CPU.ActiveCfg = Debug|Any CPU
		{21088B15-96E7-40A2-B130-5C080E80994B}.Debug|Any CPU.Build.0 = Debug|Any CPU
		{21088B15-96E7-40A2-B130-5C080E80994B}.Debug|x64.ActiveCfg = Debug|Any CPU
		{21088B15-96E7-40A2-B130-5C080E80994B}.Debug|x64.Build.0 = Debug|Any CPU
		{21088B15-96E7-40A2-B130-5C080E80994B}.Debug|x86.ActiveCfg = Debug|Any CPU
		{21088B15-96E7-40A2-B130-5C080E80994B}.Debug|x86.Build.0 = Debug|Any CPU
		{21088B15-96E7-40A2-B130-5C080E80994B}.Release|Any CPU.ActiveCfg = Release|Any CPU
		{21088B15-96E7-40A2-B130-5C080E80994B}.Release|Any CPU.Build.0 = Release|Any CPU
		{21088B15-96E7-40A2-B130-5C080E80994B}.Release|x64.ActiveCfg = Release|Any CPU
		{21088B15-96E7-40A2-B130-5C080E80994B}.Release|x64.Build.0 = Release|Any CPU
		{21088B15-96E7-40A2-B130-5C080E80994B}.Release|x86.ActiveCfg = Release|Any CPU
		{21088B15-96E7-40A2-B130-5C080E80994B}.Release|x86.Build.0 = Release|Any CPU
		{7F4CB280-8091-4EE2-A05F-6EB02B4F8F1C}.Debug|Any CPU.ActiveCfg = Debug|Any CPU
		{7F4CB280-8091-4EE2-A05F-6EB02B4F8F1C}.Debug|Any CPU.Build.0 = Debug|Any CPU
		{7F4CB280-8091-4EE2-A05F-6EB02B4F8F1C}.Debug|x64.ActiveCfg = Debug|Any CPU
		{7F4CB280-8091-4EE2-A05F-6EB02B4F8F1C}.Debug|x64.Build.0 = Debug|Any CPU
		{7F4CB280-8091-4EE2-A05F-6EB02B4F8F1C}.Debug|x86.ActiveCfg = Debug|Any CPU
		{7F4CB280-8091-4EE2-A05F-6EB02B4F8F1C}.Debug|x86.Build.0 = Debug|Any CPU
		{7F4CB280-8091-4EE2-A05F-6EB02B4F8F1C}.Release|Any CPU.ActiveCfg = Release|Any CPU
		{7F4CB280-8091-4EE2-A05F-6EB02B4F8F1C}.Release|Any CPU.Build.0 = Release|Any CPU
		{7F4CB280-8091-4EE2-A05F-6EB02B4F8F1C}.Release|x64.ActiveCfg = Release|Any CPU
		{7F4CB280-8091-4EE2-A05F-6EB02B4F8F1C}.Release|x64.Build.0 = Release|Any CPU
		{7F4CB280-8091-4EE2-A05F-6EB02B4F8F1C}.Release|x86.ActiveCfg = Release|Any CPU
		{7F4CB280-8091-4EE2-A05F-6EB02B4F8F1C}.Release|x86.Build.0 = Release|Any CPU
		{D89D93F8-AB18-4C26-B35D-8BBDEDE5EBF2}.Debug|Any CPU.ActiveCfg = Debug|Any CPU
		{D89D93F8-AB18-4C26-B35D-8BBDEDE5EBF2}.Debug|Any CPU.Build.0 = Debug|Any CPU
		{D89D93F8-AB18-4C26-B35D-8BBDEDE5EBF2}.Debug|x64.ActiveCfg = Debug|Any CPU
		{D89D93F8-AB18-4C26-B35D-8BBDEDE5EBF2}.Debug|x64.Build.0 = Debug|Any CPU
		{D89D93F8-AB18-4C26-B35D-8BBDEDE5EBF2}.Debug|x86.ActiveCfg = Debug|Any CPU
		{D89D93F8-AB18-4C26-B35D-8BBDEDE5EBF2}.Debug|x86.Build.0 = Debug|Any CPU
		{D89D93F8-AB18-4C26-B35D-8BBDEDE5EBF2}.Release|Any CPU.ActiveCfg = Release|Any CPU
		{D89D93F8-AB18-4C26-B35D-8BBDEDE5EBF2}.Release|Any CPU.Build.0 = Release|Any CPU
		{D89D93F8-AB18-4C26-B35D-8BBDEDE5EBF2}.Release|x64.ActiveCfg = Release|Any CPU
		{D89D93F8-AB18-4C26-B35D-8BBDEDE5EBF2}.Release|x64.Build.0 = Release|Any CPU
		{D89D93F8-AB18-4C26-B35D-8BBDEDE5EBF2}.Release|x86.ActiveCfg = Release|Any CPU
		{D89D93F8-AB18-4C26-B35D-8BBDEDE5EBF2}.Release|x86.Build.0 = Release|Any CPU
		{84B03B06-1C77-496C-BA42-D5B4EEC6B947}.Debug|Any CPU.ActiveCfg = Debug|Any CPU
		{84B03B06-1C77-496C-BA42-D5B4EEC6B947}.Debug|Any CPU.Build.0 = Debug|Any CPU
		{84B03B06-1C77-496C-BA42-D5B4EEC6B947}.Debug|x64.ActiveCfg = Debug|Any CPU
		{84B03B06-1C77-496C-BA42-D5B4EEC6B947}.Debug|x64.Build.0 = Debug|Any CPU
		{84B03B06-1C77-496C-BA42-D5B4EEC6B947}.Debug|x86.ActiveCfg = Debug|Any CPU
		{84B03B06-1C77-496C-BA42-D5B4EEC6B947}.Debug|x86.Build.0 = Debug|Any CPU
		{84B03B06-1C77-496C-BA42-D5B4EEC6B947}.Release|Any CPU.ActiveCfg = Release|Any CPU
		{84B03B06-1C77-496C-BA42-D5B4EEC6B947}.Release|Any CPU.Build.0 = Release|Any CPU
		{84B03B06-1C77-496C-BA42-D5B4EEC6B947}.Release|x64.ActiveCfg = Release|Any CPU
		{84B03B06-1C77-496C-BA42-D5B4EEC6B947}.Release|x64.Build.0 = Release|Any CPU
		{84B03B06-1C77-496C-BA42-D5B4EEC6B947}.Release|x86.ActiveCfg = Release|Any CPU
		{84B03B06-1C77-496C-BA42-D5B4EEC6B947}.Release|x86.Build.0 = Release|Any CPU
		{8B7FE66B-2AB1-425F-9E9D-C9BE4176989B}.Debug|Any CPU.ActiveCfg = Debug|Any CPU
		{8B7FE66B-2AB1-425F-9E9D-C9BE4176989B}.Debug|Any CPU.Build.0 = Debug|Any CPU
		{8B7FE66B-2AB1-425F-9E9D-C9BE4176989B}.Debug|x64.ActiveCfg = Debug|Any CPU
		{8B7FE66B-2AB1-425F-9E9D-C9BE4176989B}.Debug|x64.Build.0 = Debug|Any CPU
		{8B7FE66B-2AB1-425F-9E9D-C9BE4176989B}.Debug|x86.ActiveCfg = Debug|Any CPU
		{8B7FE66B-2AB1-425F-9E9D-C9BE4176989B}.Debug|x86.Build.0 = Debug|Any CPU
		{8B7FE66B-2AB1-425F-9E9D-C9BE4176989B}.Release|Any CPU.ActiveCfg = Release|Any CPU
		{8B7FE66B-2AB1-425F-9E9D-C9BE4176989B}.Release|Any CPU.Build.0 = Release|Any CPU
		{8B7FE66B-2AB1-425F-9E9D-C9BE4176989B}.Release|x64.ActiveCfg = Release|Any CPU
		{8B7FE66B-2AB1-425F-9E9D-C9BE4176989B}.Release|x64.Build.0 = Release|Any CPU
		{8B7FE66B-2AB1-425F-9E9D-C9BE4176989B}.Release|x86.ActiveCfg = Release|Any CPU
		{8B7FE66B-2AB1-425F-9E9D-C9BE4176989B}.Release|x86.Build.0 = Release|Any CPU
		{62B3D4E4-DB3D-440D-8100-88351EEA18FC}.Debug|Any CPU.ActiveCfg = Debug|Any CPU
		{62B3D4E4-DB3D-440D-8100-88351EEA18FC}.Debug|Any CPU.Build.0 = Debug|Any CPU
		{62B3D4E4-DB3D-440D-8100-88351EEA18FC}.Debug|x64.ActiveCfg = Debug|Any CPU
		{62B3D4E4-DB3D-440D-8100-88351EEA18FC}.Debug|x64.Build.0 = Debug|Any CPU
		{62B3D4E4-DB3D-440D-8100-88351EEA18FC}.Debug|x86.ActiveCfg = Debug|Any CPU
		{62B3D4E4-DB3D-440D-8100-88351EEA18FC}.Debug|x86.Build.0 = Debug|Any CPU
		{62B3D4E4-DB3D-440D-8100-88351EEA18FC}.Release|Any CPU.ActiveCfg = Release|Any CPU
		{62B3D4E4-DB3D-440D-8100-88351EEA18FC}.Release|Any CPU.Build.0 = Release|Any CPU
		{62B3D4E4-DB3D-440D-8100-88351EEA18FC}.Release|x64.ActiveCfg = Release|Any CPU
		{62B3D4E4-DB3D-440D-8100-88351EEA18FC}.Release|x64.Build.0 = Release|Any CPU
		{62B3D4E4-DB3D-440D-8100-88351EEA18FC}.Release|x86.ActiveCfg = Release|Any CPU
		{62B3D4E4-DB3D-440D-8100-88351EEA18FC}.Release|x86.Build.0 = Release|Any CPU
	EndGlobalSection
	GlobalSection(SolutionProperties) = preSolution
		HideSolutionNode = FALSE
	EndGlobalSection
	GlobalSection(NestedProjects) = preSolution
		{3E79C43B-690A-4BCA-A45C-C4979A3147E4} = {827E0CD3-B72D-47B6-A68D-7590B98EB39B}
		{7B021339-EDDC-418B-861B-6D065FAFDECE} = {827E0CD3-B72D-47B6-A68D-7590B98EB39B}
		{66B3D387-E34C-495B-B87F-B13BCF6E96E4} = {827E0CD3-B72D-47B6-A68D-7590B98EB39B}
		{C1C28452-A5B5-4785-9E08-5BAA1B03B868} = {827E0CD3-B72D-47B6-A68D-7590B98EB39B}
		{1F15370F-E6B6-4297-A024-659D4042FD84} = {827E0CD3-B72D-47B6-A68D-7590B98EB39B}
		{FF9FFEC8-4A03-42FF-B86D-B217F0931F78} = {827E0CD3-B72D-47B6-A68D-7590B98EB39B}
		{53756D66-C56F-45B6-9384-69BDE6421A01} = {827E0CD3-B72D-47B6-A68D-7590B98EB39B}
		{21088B15-96E7-40A2-B130-5C080E80994B} = {827E0CD3-B72D-47B6-A68D-7590B98EB39B}
		{7F4CB280-8091-4EE2-A05F-6EB02B4F8F1C} = {827E0CD3-B72D-47B6-A68D-7590B98EB39B}
		{D89D93F8-AB18-4C26-B35D-8BBDEDE5EBF2} = {827E0CD3-B72D-47B6-A68D-7590B98EB39B}
		{84B03B06-1C77-496C-BA42-D5B4EEC6B947} = {827E0CD3-B72D-47B6-A68D-7590B98EB39B}
		{8B7FE66B-2AB1-425F-9E9D-C9BE4176989B} = {827E0CD3-B72D-47B6-A68D-7590B98EB39B}
		{62B3D4E4-DB3D-440D-8100-88351EEA18FC} = {0AB3BF05-4346-4AA6-1389-037BE0695223}
	EndGlobalSection
EndGlobal
